
Microsoft Visual Studio Solution File, Format Version 12.00
# Visual Studio 14
VisualStudioVersion = 14.0.25420.1
MinimumVisualStudioVersion = 10.0.40219.1
Project("{FAE04EC0-301F-11D3-BF4B-00C04F79EFBC}") = "SlothCodeAnalysis", "SlothCodeAnalysis\SlothCodeAnalysis.csproj", "{2491A296-EAE3-4D53-91B8-B785195584DC}"
EndProject
Project("{FAE04EC0-301F-11D3-BF4B-00C04F79EFBC}") = "SlothCodeAnalysis.Tests", "SlothCodeAnalysis.Tests\SlothCodeAnalysis.Tests.csproj", "{29DCFEF4-1ED5-4214-A2D0-65F5FED83CFF}"
EndProject
Project("{2150E333-8FDC-42A3-9474-1A3956D46DE8}") = "Solution Items", "Solution Items", "{99942D0C-8B56-444B-B60B-E56521FFFA7F}"
	ProjectSection(SolutionItems) = preProject
		README.md = README.md
	EndProjectSection
EndProject
Project("{FAE04EC0-301F-11D3-BF4B-00C04F79EFBC}") = "SlothPad", "SlothPad\SlothPad.csproj", "{6C95237C-10AD-4822-B9E5-D362F42C34CC}"
EndProject
Global
	GlobalSection(SolutionConfigurationPlatforms) = preSolution
		Debug|Any CPU = Debug|Any CPU
		Release|Any CPU = Release|Any CPU
	EndGlobalSection
	GlobalSection(ProjectConfigurationPlatforms) = postSolution
		{2491A296-EAE3-4D53-91B8-B785195584DC}.Debug|Any CPU.ActiveCfg = Debug|Any CPU
		{2491A296-EAE3-4D53-91B8-B785195584DC}.Debug|Any CPU.Build.0 = Debug|Any CPU
		{2491A296-EAE3-4D53-91B8-B785195584DC}.Release|Any CPU.ActiveCfg = Release|Any CPU
		{2491A296-EAE3-4D53-91B8-B785195584DC}.Release|Any CPU.Build.0 = Release|Any CPU
		{29DCFEF4-1ED5-4214-A2D0-65F5FED83CFF}.Debug|Any CPU.ActiveCfg = Debug|Any CPU
		{29DCFEF4-1ED5-4214-A2D0-65F5FED83CFF}.Debug|Any CPU.Build.0 = Debug|Any CPU
		{29DCFEF4-1ED5-4214-A2D0-65F5FED83CFF}.Release|Any CPU.ActiveCfg = Release|Any CPU
		{29DCFEF4-1ED5-4214-A2D0-65F5FED83CFF}.Release|Any CPU.Build.0 = Release|Any CPU
		{6C95237C-10AD-4822-B9E5-D362F42C34CC}.Debug|Any CPU.ActiveCfg = Debug|Any CPU
		{6C95237C-10AD-4822-B9E5-D362F42C34CC}.Debug|Any CPU.Build.0 = Debug|Any CPU
		{6C95237C-10AD-4822-B9E5-D362F42C34CC}.Release|Any CPU.ActiveCfg = Release|Any CPU
		{6C95237C-10AD-4822-B9E5-D362F42C34CC}.Release|Any CPU.Build.0 = Release|Any CPU
	EndGlobalSection
	GlobalSection(SolutionProperties) = preSolution
		HideSolutionNode = FALSE
	EndGlobalSection
EndGlobal
